PODS:
  - AFNetworking (3.1.0):
    - AFNetworking/NSURLSession (= 3.1.0)
    - AFNetworking/Reachability (= 3.1.0)
    - AFNetworking/Security (= 3.1.0)
    - AFNetworking/Serialization (= 3.1.0)
    - AFNetworking/UIKit (= 3.1.0)
  - AFNetworking/NSURLSession (3.1.0):
    - AFNetworking/Reachability
    - AFNetworking/Security
    - AFNetworking/Serialization
  - AFNetworking/Reachability (3.1.0)
  - AFNetworking/Security (3.1.0)
  - AFNetworking/Serialization (3.1.0)
  - AFNetworking/UIKit (3.1.0):
    - AFNetworking/NSURLSession
  - AlicloudBeacon (1.1.0):
    - AlicloudUTDID
  - AlicloudHTTPDNS (1.6.17):
    - AlicloudBeacon
    - AlicloudUT
    - AlicloudUtils
  - AlicloudUT (5.2.0.5):
    - AlicloudUTDID
  - AlicloudUTDID (1.1.0.19)
  - AlicloudUtils (1.3.6):
    - AlicloudUTDID
  - Aspects (1.4.1)
  - AuthSDK (1.0.2):
    - CMCommon (~> 0.1)
    - CMMBProgressHUD (~> 0.1)
    - CMNSArray (~> 0.1)
    - CMNSDictionary (~> 0.1)
    - CMNSString (~> 0.1)
    - CMTTTAttributedLabel (~> 1.0)
    - CMUIDisappearView (~> 0.1)
    - CMUIViewController (~> 0.1)
    - Masonry (~> 1.0)
    - Neutron (~> 1.0)
    - NeutronBridge (~> 2.0)
    - SDWebImage (~> 3.7)
    - TrinityManager (~> 2.0)
  - AutoScrollLabel (0.4.3)
  - BBSCore (2.0.0):
    - CMCommon (~> 0.1)
    - CMImagePicker (~> 2.0)
    - CMNetKit (~> 1.0)
    - CMNSDictionary (~> 0.1)
    - CMNSString (~> 0.1)
    - CMPopupViewManager (~> 0.1)
    - CMUIImage (~> 0.1)
    - CMURLLauncher (~> 1.0)
    - Masonry (~> 1.0)
    - MJRefresh (~> 3.1.10)
    - MyLayout (~> 1.4)
    - Skyline (~> 1.0)
  - boost (0.47.2-React)
  - CMAddressBook (0.1.3):
    - CMAppProfile (~> 0.1)
    - CMASIHttpRequest (~> 1.0)
    - CMCoreContext (~> 0.1)
    - CMUINavigationBar (~> 0.1)
    - CMUIViewController (~> 0.1)
  - CMApp (0.1.1)
  - CMAppProfile (0.1.2):
    - AFNetworking/Reachability (~> 3.1)
    - CMAssert (~> 0.1)
    - CMDevice (~> 0.1)
    - CMHash (~> 0.1)
    - CMNSString (~> 0.1)
  - CMASIHttpRequest (1.0.0):
    - AFNetworking (~> 3.0)
  - CMAssert (0.1.0)
  - CMBase64 (0.2.0)
  - CMBundleManager (0.1.1):
    - CMAssert (~> 0.1)
    - CMCommon (~> 0.1)
  - CMCALayer (0.1.0)
  - CMCommon (0.1.4):
    - CMAssert (~> 0.1)
  - CMCommonBusiness (0.1.2):
    - CMAssert (~> 0.1)
    - CMBundleManager (~> 0.1)
    - CMCommon (~> 0.1)
    - CMCoreContext (~> 0.1)
    - CMEGOCache (~> 0.0)
    - CMLKDB (~> 1.0)
    - CMMessagePack (~> 1.0)
    - CMNSArray (~> 0.1)
    - CMNSDictionary (~> 0.1)
    - CMNSString (~> 0.1)
    - CMTask (~> 0.1)
    - JSONModel (~> 1.0.2)
  - CMCoreContext (0.1.2):
    - CMCommon (~> 0.1)
    - CMDevice (~> 0.1)
    - CMLock (~> 1.0)
  - CMCrash (0.1.0):
    - CMApp (~> 0.1)
    - CMAssert (~> 0.1)
    - CMCommon (~> 0.1)
    - CMCoreContext (~> 0.1)
    - CMMiscUtil (~> 0.1)
    - CMNSString (~> 0.1)
  - CMDatabase (0.1.2):
    - CMLKDB (~> 1.0)
    - CMNSString (~> 0.1)
    - CMSDKManager (~> 0.1)
    - JRSwizzle (~> 1.0)
  - CMDebug (0.1.0)
  - CMDevice (0.1.6):
    - CMNSString (~> 0.1)
  - CMEGOCache (0.0.2)
  - CMGTM (1.0.0)
  - CMHash (0.1.1)
  - CMHideKeyboardView (0.1.0):
    - CMAssert (~> 0.1)
    - CMCommon (~> 0.1)
    - CMUIScrollView (~> 0.1)
  - CMImagePicker (2.0.5):
    - CMDevice (~> 0.1)
    - Masonry (~> 1.0)
    - SDWebImage (~> 3.7.3)
  - CMLayout (0.1.1)
  - CMLKDB (1.0.3):
    - CMCommon (~> 0.1)
    - CMLKDB/LKDB (= 1.0.3)
    - CMNSString (~> 0.1)
  - CMLKDB/LKDB (1.0.3):
    - CMCommon (~> 0.1)
    - CMNSString (~> 0.1)
    - FMDB (= 2.6.2)
  - CMLock (1.0.0)
  - CMLog (0.0.5):
    - FMDB (~> 2)
    - TrinityConfiguration (~> 0.8)
    - WCAnalytics (~> 1.5)
  - CMMBProgressHUD (0.1.1):
    - MBProgressHUD (~> 1.0)
  - CMMessagePack (1.0.1)
  - CMMGSwipeTableCell (1.0.1)
  - CMMiscUtil (0.1.1):
    - AFNetworking (~> 3.0)
    - CMUIDisappearView (~> 0.1)
  - CMMonitor (1.0.1):
    - CMLKDB (~> 1.0)
    - CMLog (~> 0.0.3)
    - CMNetKit (~> 1.0)
    - KSCrash (= 1.15.16)
  - CMNetKit (1.1.1):
    - AFNetworking (~> 3.1)
    - CMAppProfile (~> 0.1)
    - WCAnalytics (~> 1.4)
  - CMNetworking (2.0.3):
    - AFNetworking (~> 3.1)
    - CMMessagePack (~> 1.0)
    - CMSDKManager (~> 0.1)
    - CMUIWebViewController (~> 0.1)
    - JRSwizzle (~> 1.0)
    - ReactiveCocoa (~> 2.5)
  - CMNSArray (0.1.4):
    - CMCommon (~> 0.1)
    - CMNSString (~> 0.1)
  - CMNSDate (0.1.0):
    - CMMiscUtil (~> 0.1)
  - CMNSDictionary (0.2.1):
    - CMAssert (~> 0.1)
    - CMCommon (~> 0.1)
    - CMNSString (~> 0.1)
  - CMNSObject (0.1.0)
  - CMNSStream (0.1.0)
  - CMNSString (0.1.7)
  - CMNSURL (0.1.1):
    - CMAssert (~> 0.1)
    - CMNSString (~> 0.1)
  - CMOOP (0.1.1)
  - CMPhotoBrowser (0.1.3):
    - CMMBProgressHUD (~> 0.1)
    - CMUIDisappearView (~> 0.1)
    - DACircularProgress (~> 2.3)
    - SDWebImage (~> 3.7)
  - CMPopupViewManager (0.1.0)
  - CMRCTToast (0.1.2):
    - CMDevice (~> 0.1)
  - CMRegexKitLite (0.0.1)
  - CMSBJson (1.0.2)
  - CMSDKManager (0.1.2):
    - CMAssert (~> 0.1)
    - CMCommon (~> 0.1)
    - CMNSDictionary (~> 0.1)
    - CMNSString (~> 0.1)
    - CMNSURL (~> 0.1)
    - CMOOP (~> 0.1)
    - CMUIButton (~> 0.1)
    - CMUIDisappearView (~> 0.1)
    - CMUIViewController (~> 0.1)
    - CMUIWebViewController (~> 0.1)
  - CMSeperatorLine (0.1.0):
    - CMCommon (~> 0.1)
    - CMUIConfig (~> 0.1)
  - CMService (1.1.4):
    - CMNetworking (~> 2.0.0)
  - CMSkylineUtil (0.1.0):
    - CMHash (~> 0.1)
  - CMSSKeychain (0.1.1):
    - CMMiscUtil (~> 0.1)
    - SSKeychain (~> 1.3.1)
  - CMTask (0.1.3):
    - CMASIHttpRequest (~> 1.0)
    - CMBundleManager (~> 0.1)
    - CMCrash (~> 0.1)
    - CMDebug (~> 0.1)
    - CMLKDB (~> 1.0)
    - CMMessagePack (~> 1.0)
    - CMNSArray (~> 0.1)
    - CMNSDictionary (~> 0.1)
    - CMNSStream (~> 0.1)
    - CMNSString (~> 0.1)
    - CMNSURL (~> 0.1)
    - CMOOP (~> 0.1)
    - CMRegexKitLite (~> 0.0.1)
    - CMSBJson (~> 1.0)
    - CMSDKManager (~> 0.1)
    - CMUIWebViewController (~> 0.1)
    - CMZip (~> 1.0)
    - JSONModel (~> 1.0.2)
  - CMTTTAttributedLabel (1.0.0)
  - CMUIAlertView (0.1.3):
    - CMLayout (~> 0.1)
  - CMUIAnimation (0.1.0):
    - CMCommon (~> 0.1)
  - CMUIButton (0.1.0):
    - CMCALayer (~> 0.1)
    - CMCommon (~> 0.1)
    - CMDevice (~> 0.1)
    - CMEGOCache (~> 0.0)
    - CMNSString (~> 0.1)
    - CMUIAnimation (~> 0.1)
    - CMUIConfig (~> 0.1)
    - CMUIHelper (~> 0.1)
    - CMUIImage (~> 0.1)
  - CMUIConfig (0.1.1):
    - CMCommon (~> 0.1)
  - CMUIDisappearView (0.1.0):
    - CMCommon (~> 0.1)
    - CMNSString (~> 0.1)
    - CMUIAnimation (~> 0.1)
    - CMUINavigationBar (~> 0.1)
    - CMUIViewController (~> 0.1)
  - CMUIHelper (0.1.0):
    - CMDevice (~> 0.1)
    - CMNSString (~> 0.1)
  - CMUIImage (0.1.0):
    - CMCommon (~> 0.1)
  - CMUIImagePickerViewController (0.1.0)
  - CMUILabel (0.1.1):
    - CMBundleManager (~> 0.1)
    - CMCommon (~> 0.1)
    - CMNSString (~> 0.1)
    - CMUIConfig (~> 0.1)
  - CMUINavigationBar (0.1.2):
    - CMDevice (~> 0.1)
    - CMSeperatorLine (~> 0.1)
  - CMUINavigationController (0.1.1):
    - CMCommon (~> 0.1)
  - CMUIScrollView (0.1.0):
    - CMCommon (~> 0.1)
  - CMUITableView (0.1.1):
    - CMCommon (~> 0.1)
    - CMMGSwipeTableCell (~> 1.0)
    - CMSeperatorLine (~> 0.1)
    - CMUIConfig (~> 0.1)
    - CMUIImage (~> 0.1)
  - CMUIView (0.1.1):
    - CMCommon (~> 0.1)
    - CMNSString (~> 0.1)
    - CMUIConfig (~> 0.1)
    - CMUIWindow (~> 0.1)
  - CMUIViewController (0.1.5):
    - CMAssert (~> 0.1)
    - CMCommon (~> 0.1)
    - CMHideKeyboardView (~> 0.1)
    - CMUIButton (~> 0.1)
    - CMUINavigationBar (~> 0.1)
    - CMUINavigationController (~> 0.1)
    - CMUITableView (~> 0.1)
    - CMUIView (~> 0.1)
  - CMUIWebViewController (0.1.4):
    - CMAddressBook (~> 0.1)
    - CMAppProfile (~> 0.1)
    - CMASIHttpRequest (~> 1.0)
    - CMAssert (~> 0.1)
    - CMBundleManager (~> 0.1)
    - CMCommon (~> 0.1)
    - CMNSArray (~> 0.1)
    - CMNSDictionary (~> 0.1)
    - CMNSString (~> 0.1)
    - CMNSURL (~> 0.1)
    - CMOOP (~> 0.1)
    - CMUIConfig (~> 0.1)
    - CMUIDisappearView (~> 0.1)
    - CMUIHelper (~> 0.1)
    - CMUIImage (~> 0.1)
    - CMUIImagePickerViewController (~> 0.1)
    - CMWithoutNetworkView (~> 0.1)
    - SDWebImage (~> 3.7)
    - WebViewJavascriptBridge (~> 4.1.5)
  - CMUIWindow (0.1.0)
  - CMURLLauncher (1.0.0):
    - CMNSDictionary (~> 0.1)
    - CMNSString (~> 0.1.0)
    - CMNSURL (~> 0.1)
    - CMSDKManager (~> 0.1)
    - NeutronBridge (~> 2.0)
    - Planck (~> 1.0)
  - CMWithoutNetworkView (0.1.1):
    - CMAssert (~> 0.1)
    - CMBundleManager (~> 0.1)
    - CMCommon (~> 0.1)
    - CMUILabel (~> 0.1)
  - CMZip (1.0.1)
  - CocoaLumberjack (3.4.2):
    - CocoaLumberjack/Default (= 3.4.2)
    - CocoaLumberjack/Extensions (= 3.4.2)
  - CocoaLumberjack/Default (3.4.2)
  - CocoaLumberjack/Extensions (3.4.2):
    - CocoaLumberjack/Default
  - CustomCenter (3.0.0):
    - CMNSDictionary (~> 0.2)
    - CMNSString (~> 0.1)
    - NativeQS (~> 1.0)
    - NeutronBridge (~> 2.0)
  - DACircularProgress (2.3.1)
  - DFDeviceFingerPrintCollector (0.1.6)
  - DoubleConversion (0.47.2-React)
  - DZNEmptyDataSet (1.8.1)
  - FLAnimatedImage (1.0.12)
  - FLEX (2.4.0)
  - FLKAutoLayout (0.2.1)
  - FMDB (2.6.2):
    - FMDB/standard (= 2.6.2)
  - FMDB/standard (2.6.2)
  - Folly (0.47.2-React):
    - boost (= 0.47.2-React)
    - DoubleConversion (= 0.47.2-React)
    - GLog (= 0.47.2-React)
  - FSHiveConfig (0.2.2):
    - CMNetKit (~> 1.0)
    - CMNSArray (~> 0.1.4)
    - CMNSDictionary (~> 0.2.1)
    - CMNSString (~> 0.1.7)
    - MMKV (~> 1.0.15)
    - Skyline (~> 1.0.0)
    - YYModel (~> 1.0.4)
  - FSHTTPDNS (1.0.4):
    - AFNetworking (~> 3.1.0)
    - AlicloudHTTPDNS (= 1.6.17)
    - MMKV (= 1.0.15)
    - YYModel (~> 1.0.4)
  - FSThana (1.0.0):
    - CMAppProfile (~> 0.1.2)
    - CMDevice (~> 0.1.3)
    - CMHash (~> 0.1.1)
    - CMNetKit (~> 1.1.1)
    - CMNSArray (~> 0.1.4)
    - CMSBJson (~> 1.0.2)
    - CMSkylineUtil (~> 0.1.0)
    - CMUIDisappearView (~> 0.1.0)
    - CMZip (~> 1.0.1)
    - CocoaLumberjack (= 3.4.2)
    - Planck (~> 1.0)
  - FXBlurView (1.6.4)
  - GLog (0.47.2-React)
  - H5Offline (2.0.0):
    - TrinityManager (~> 2.0)
    - WaxResource (~> 2.0)
  - i-Finance-Library (0.5.3):
    - AutoScrollLabel (~> 0.4.3)
    - CMDatabase (~> 0.1.0)
    - CMNetKit (~> 1.0)
    - CMUIWebViewController (~> 0.1.1)
    - IGListKit (~> 3.1.1)
    - Masonry (~> 1.0)
    - MJRefresh (~> 3.1.10)
    - NeutronBridge (~> 2.0)
    - PINCache (~> 3.0.1-beta.5)
    - Planck (~> 1.0)
    - SDCycleScrollView (= 1.65)
    - Skyline (~> 1.0.0)
    - WCAnalytics (~> 1.6)
    - WMPageController (~> 2.5.0)
    - YYModel (~> 1.0.4)
  - IGListKit (3.1.1):
    - IGListKit/Default (= 3.1.1)
  - IGListKit/Default (3.1.1):
    - IGListKit/Diffing
  - IGListKit/Diffing (3.1.1)
  - iRate (1.11.7)
  - JRSwizzle (1.0)
  - JSBadgeView (2.0.0)
  - JSONModel (1.0.2)
  - Kiwi (3.0.0)
  - KSCrash (1.15.16):
    - KSCrash/Installations (= 1.15.16)
  - KSCrash/Installations (1.15.16):
    - KSCrash/Recording
    - KSCrash/Reporting
  - KSCrash/Recording (1.15.16):
    - KSCrash/Recording/Tools (= 1.15.16)
  - KSCrash/Recording/Tools (1.15.16)
  - KSCrash/Reporting (1.15.16):
    - KSCrash/Recording
    - KSCrash/Reporting/Filters (= 1.15.16)
    - KSCrash/Reporting/MessageUI (= 1.15.16)
    - KSCrash/Reporting/Sinks (= 1.15.16)
    - KSCrash/Reporting/Tools (= 1.15.16)
  - KSCrash/Reporting/Filters (1.15.16):
    - KSCrash/Recording
    - KSCrash/Reporting/Filters/Alert (= 1.15.16)
    - KSCrash/Reporting/Filters/AppleFmt (= 1.15.16)
    - KSCrash/Reporting/Filters/Base (= 1.15.16)
    - KSCrash/Reporting/Filters/Basic (= 1.15.16)
    - KSCrash/Reporting/Filters/GZip (= 1.15.16)
    - KSCrash/Reporting/Filters/JSON (= 1.15.16)
    - KSCrash/Reporting/Filters/Sets (= 1.15.16)
    - KSCrash/Reporting/Filters/Stringify (= 1.15.16)
    - KSCrash/Reporting/Filters/Tools (= 1.15.16)
  - KSCrash/Reporting/Filters/Alert (1.15.16):
    - KSCrash/Recording
    - KSCrash/Reporting/Filters/Base
  - KSCrash/Reporting/Filters/AppleFmt (1.15.16):
    - KSCrash/Recording
    - KSCrash/Reporting/Filters/Base
  - KSCrash/Reporting/Filters/Base (1.15.16):
    - KSCrash/Recording
  - KSCrash/Reporting/Filters/Basic (1.15.16):
    - KSCrash/Recording
    - KSCrash/Reporting/Filters/Base
  - KSCrash/Reporting/Filters/GZip (1.15.16):
    - KSCrash/Recording
    - KSCrash/Reporting/Filters/Base
  - KSCrash/Reporting/Filters/JSON (1.15.16):
    - KSCrash/Recording
    - KSCrash/Reporting/Filters/Base
  - KSCrash/Reporting/Filters/Sets (1.15.16):
    - KSCrash/Recording
    - KSCrash/Reporting/Filters/AppleFmt
    - KSCrash/Reporting/Filters/Base
    - KSCrash/Reporting/Filters/Basic
    - KSCrash/Reporting/Filters/GZip
    - KSCrash/Reporting/Filters/JSON
    - KSCrash/Reporting/Filters/Stringify
  - KSCrash/Reporting/Filters/Stringify (1.15.16):
    - KSCrash/Recording
    - KSCrash/Reporting/Filters/Base
  - KSCrash/Reporting/Filters/Tools (1.15.16):
    - KSCrash/Recording
  - KSCrash/Reporting/MessageUI (1.15.16):
    - KSCrash/Recording
  - KSCrash/Reporting/Sinks (1.15.16):
    - KSCrash/Recording
    - KSCrash/Reporting/Filters
    - KSCrash/Reporting/Tools
  - KSCrash/Reporting/Tools (1.15.16):
    - KSCrash/Recording
  - LookinServer (0.9.4)
  - MarqueeLabel (2.8.0):
    - MarqueeLabel/ObjC (= 2.8.0)
  - MarqueeLabel/ObjC (2.8.0)
  - Masonry (1.0.2)
  - MBProgressHUD (1.1.0)
  - MJExtension (3.1.2)
  - MJRefresh (3.1.17)
  - MMKV (1.0.15)
  - MyLayout (1.5.3)
  - NativeQS (1.0.2)
  - Neutron (1.0.0):
    - CMAppProfile (~> 0.1)
    - TrinityManager (~> 2.0)
  - NeutronBridge (2.0.0):
    - Neutron (~> 1.0)
  - NSHash (1.2.0)
  - ORStackView (3.0.1):
    - FLKAutoLayout (~> 0.2)
  - Pigeon (2.0.0):
    - AuthSDK (~> 1.0)
    - CMAppProfile (~> 0.1)
    - CMCommon (~> 0.1)
    - CMNSString (~> 0.1)
    - CMSkylineUtil (~> 0.1)
    - CMUIViewController (~> 0.1)
    - NeutronBridge (~> 2.0)
    - React/Core
    - React/RCTImage
    - React/RCTNetwork
    - React/RCTText
    - React/RCTWebSocket
    - RNCookieManagerIOS (~> 2.0.0)
  - PINCache (3.0.1-beta.8):
    - PINCache/Arc-exception-safe (= 3.0.1-beta.8)
    - PINCache/Core (= 3.0.1-beta.8)
  - PINCache/Arc-exception-safe (3.0.1-beta.8):
    - PINCache/Core
  - PINCache/Core (3.0.1-beta.8):
    - PINOperation (~> 1.1.1)
  - PINOperation (1.1.2)
  - Planck (1.0.0):
    - AuthSDK (~> 1.0)
    - CMAppProfile (~> 0.1)
    - CMCommon (~> 0.1)
    - CMMBProgressHUD (~> 0.1)
    - CMNetKit (~> 1.0)
    - CMNSArray (~> 0.1)
    - CMNSDictionary (~> 0.2)
    - CMNSString (~> 0.1)
    - CMNSURL (~> 0.1)
    - CMPhotoBrowser (~> 0.1.1)
    - CMSDKManager (~> 0.1)
    - CMSkylineUtil (~> 0.1)
    - CMUIDisappearView (~> 0.1)
    - CMUIWebViewController (~> 0.1)
    - NativeQS (~> 1.0)
    - NeutronBridge (~> 2.0)
    - PlanckExtension (~> 2.0)
    - Skyline (~> 1.0)
    - TrinityManager (~> 2.0)
    - WebViewJavascriptBridge (~> 4.1.5)
  - PlanckExtension (2.0.0):
    - CMUIWebViewController (~> 0.1)
    - Neutron (~> 1.0)
    - PlanckExtension/TPEPrivate (= 2.0.0)
  - PlanckExtension/TPEPrivate (2.0.0):
    - CMUIWebViewController (~> 0.1)
    - Neutron (~> 1.0)
  - PlanckOfflineInit (2.0.0):
    - CMAppProfile (~> 0.1)
    - CMNetKit (~> 1.0)
    - H5Offline (~> 2.0)
    - Neutron (~> 1.0)
    - Planck (~> 1.0)
    - Thunder (~> 1.0)
  - Platform (1.0.0)
  - PureLayout (3.0.2)
  - React (0.47.2):
    - React/Core (= 0.47.2)
  - React/BatchedBridge (0.47.2):
    - React/Core
    - React/cxxreact_legacy
  - React/Core (0.47.2):
    - Yoga (= 1.6)
  - React/cxxreact (0.47.2):
    - boost
    - Folly (= 0.47.2-React)
    - React/jschelpers
  - React/cxxreact_legacy (0.47.2):
    - React/jschelpers_legacy
  - React/DevSupport (0.47.2):
    - React/Core
    - React/RCTWebSocket
  - React/jschelpers (0.47.2):
    - Folly (= 0.47.2-React)
  - React/jschelpers_legacy (0.47.2)
  - React/RCTAnimation (0.47.2):
    - React/Core
  - React/RCTImage (0.47.2):
    - React/Core
    - React/RCTNetwork
  - React/RCTLinkingIOS (0.47.2):
    - React/Core
  - React/RCTNetwork (0.47.2):
    - React/Core
  - React/RCTText (0.47.2):
    - React/Core
  - React/RCTWebSocket (0.47.2):
    - React/Core
  - ReactiveCocoa (2.5):
    - ReactiveCocoa/UI (= 2.5)
  - ReactiveCocoa/Core (2.5):
    - ReactiveCocoa/no-arc
  - ReactiveCocoa/no-arc (2.5)
  - ReactiveCocoa/UI (2.5):
    - ReactiveCocoa/Core
  - RNBridge (4.0.0):
    - AuthSDK (~> 1.0)
    - CMNetKit (~> 1.1)
    - CMNSString (~> 0.1)
    - CMUINavigationController (~> 0.1)
    - CMUIViewController (~> 0.1)
    - CMZip (~> 1.0)
    - Neutron (~> 1.0)
    - NSHash (~> 1.0)
    - Pigeon (~> 2.0)
    - React/Core
    - React/RCTImage
    - React/RCTNetwork
    - React/RCTText
    - React/RCTWebSocket
    - RNCookieManagerIOS (~> 2.0.0)
    - Thunder (~> 1.0)
    - TrinityConfiguration (~> 0.3)
  - RNCookieManagerIOS (2.0.0):
    - React
  - SDCycleScrollView (1.65):
    - SDWebImage (~> 3.7)
  - SdkBbs2 (8.2.0):
    - AuthSDK (~> 1.0)
    - BBSCore (~> 2.0)
    - CMCommon (~> 0.1)
    - CMImagePicker (~> 2.0.0)
    - CMNetKit (~> 1.0)
    - CMNSDate (~> 0.1)
    - CMPopupViewManager (~> 0.1)
    - CMRCTToast (~> 0.1)
    - CMTTTAttributedLabel (~> 1.0)
    - CMURLLauncher (~> 1.0.0)
    - MJExtension (~> 3.0)
    - MJRefresh (~> 3.1.10)
    - MyLayout (~> 1.5.0)
    - NeutronBridge (~> 2.0)
    - Pigeon (~> 2.0)
    - Planck (~> 1.0)
    - React/BatchedBridge
    - React/Core
    - React/cxxreact
    - React/DevSupport
    - React/jschelpers
    - React/RCTAnimation
    - React/RCTImage
    - React/RCTLinkingIOS
    - React/RCTNetwork
    - React/RCTText
    - React/RCTWebSocket
    - RNBridge
    - RNCookieManagerIOS (~> 2.0.0)
    - SDCycleScrollView (= 1.65)
    - Shimmer (~> 1.0.2)
    - TrinityInit (~> 1.0)
    - WCAnalytics (~> 1.2)
  - SdkFinanceAsset (3.0.2):
    - AFNetworking (= 3.1.0)
    - CMCommonBusiness (~> 0.1.0)
    - DZNEmptyDataSet (~> 1)
    - i-Finance-Library (~> 0.3)
    - Masonry (~> 1.0)
    - NeutronBridge (~> 2.0)
    - ReactiveCocoa (~> 2.5)
    - TrinityInit (~> 1.0)
    - WMPageController (~> 2.5.0)
  - SdkFinanceHome (4.1.0):
    - CMCommonBusiness (~> 0.1.0)
    - FSHiveConfig (~> 0.2.0)
    - i-Finance-Library (~> 0.5)
    - IGListKit (~> 3.1.1)
    - Masonry (~> 1.0.2)
    - NeutronBridge (~> 2.0)
    - ReactiveCocoa (~> 2.5)
    - SDCycleScrollView (= 1.65)
    - TrinityInit (~> 1.0)
  - SdkFinanceShelf (5.1.0):
    - AFNetworking (~> 3.1.0)
    - FSHiveConfig (~> 0.2.0)
    - i-Finance-Library (~> 0.5)
    - IGListKit (~> 3.1.1)
    - Masonry (~> 1.0)
    - NeutronBridge (~> 2.0)
    - ReactiveCocoa (~> 2.5)
    - SDCycleScrollView (= 1.65)
    - TrinityInit (~> 1.0)
    - TYCyclePagerView (~> 1.1)
    - WMPageController (~> 2.5.0)
  - SdkFundWax (4.1.1)
  - SdkMessage (1.0.2):
    - CMDevice (~> 0.1)
    - CMLKDB (~> 1.0)
    - CMNetworking (~> 2.0)
    - CMNSDate (~> 0.1)
    - CMSDKManager (~> 0.1)
    - CMTask (~> 0.1)
    - CMURLLauncher (~> 1.0)
    - Masonry (~> 1.0)
    - MJRefresh (~> 3.1)
    - NativeQS (~> 1.0)
    - Neutron (~> 1.0)
    - ReactiveCocoa (~> 2.5)
    - UITableView+FDTemplateLayoutCell (= 1.4)
  - SdkShare (1.0.1):
    - CMCommon (~> 0.1)
    - CMLKDB (~> 1.0)
    - CMMBProgressHUD (~> 0.1)
    - CMSBJson
    - CMSDKManager (~> 0.1)
    - CMTask (~> 0.1)
    - CMUIViewController (~> 0.1)
    - NativeQS (~> 1.0)
    - NeutronBridge (~> 2.0)
    - SdkShare/QQ (= 1.0.1)
    - SdkShare/Wechat (= 1.0.1)
    - SdkShare/WeiboSDK (= 1.0.1)
    - WCAnalytics
  - SdkShare/QQ (1.0.1):
    - CMCommon (~> 0.1)
    - CMLKDB (~> 1.0)
    - CMMBProgressHUD (~> 0.1)
    - CMSBJson
    - CMSDKManager (~> 0.1)
    - CMTask (~> 0.1)
    - CMUIViewController (~> 0.1)
    - NativeQS (~> 1.0)
    - NeutronBridge (~> 2.0)
    - WCAnalytics
  - SdkShare/Wechat (1.0.1):
    - CMCommon (~> 0.1)
    - CMLKDB (~> 1.0)
    - CMMBProgressHUD (~> 0.1)
    - CMSBJson
    - CMSDKManager (~> 0.1)
    - CMTask (~> 0.1)
    - CMUIViewController (~> 0.1)
    - NativeQS (~> 1.0)
    - NeutronBridge (~> 2.0)
    - WCAnalytics
  - SdkShare/WeiboSDK (1.0.1):
    - CMCommon (~> 0.1)
    - CMLKDB (~> 1.0)
    - CMMBProgressHUD (~> 0.1)
    - CMSBJson
    - CMSDKManager (~> 0.1)
    - CMTask (~> 0.1)
    - CMUIViewController (~> 0.1)
    - NativeQS (~> 1.0)
    - NeutronBridge (~> 2.0)
    - WCAnalytics
  - SdkUser (2.0.8):
    - CMAppProfile (~> 0.1)
    - CMCommon (~> 0.1)
    - CMDevice (~> 0.1)
    - CMHash (~> 0.1)
    - CMMiscUtil (~> 0.1)
    - CMNetKit (~> 1.0)
    - CMNSDictionary (~> 0.1)
    - CMNSString (~> 0.1)
    - CMRegexKitLite (~> 0.0.1)
    - CMSDKManager (~> 0.1)
    - CMTTTAttributedLabel (~> 1.0.0)
    - CMUIAlertView (~> 0.1)
    - CMUIDisappearView (~> 0.1)
    - CMUIImage (~> 0.1)
    - CMUITableView (~> 0.1)
    - CMUIViewController (~> 0.1)
    - CMUIWebViewController (~> 0.1)
    - Masonry (~> 1.0)
    - NativeQS (~> 1.0)
    - NeutronBridge (~> 2.0)
    - ORStackView (~> 3.0)
    - Planck (~> 1.0)
    - PureLayout (~> 3.0)
    - ReactiveCocoa (~> 2.5)
  - SDWebImage (3.7.6):
    - SDWebImage/Core (= 3.7.6)
  - SDWebImage/Core (3.7.6)
  - SensorsAnalyticsSDK (1.8.31-flush):
    - SensorsAnalyticsSDK/core (= 1.8.31-flush)
  - SensorsAnalyticsSDK/core (1.8.31-flush)
  - Shimmer (1.0.2)
  - Skyline (1.0.9):
    - AFNetworking (~> 3.1.0)
    - CMAppProfile (~> 0.1)
    - CMDevice (~> 0.1)
    - CMSkylineUtil (~> 0.1)
    - Platform (~> 1.0)
    - SensorsAnalyticsSDK (= 1.8.31-flush)
    - TrinityConfiguration (~> 0.6)
  - SSKeychain (1.3.1)
  - Thunder (1.0.1):
    - CMHash (~> 0.1)
    - CMNetKit (~> 1.0)
  - TPKeyboardAvoiding (1.3.2)
  - TrinityConfiguration (0.9.1):
    - CMAppProfile (~> 0.1)
    - CMDevice (~> 0.1)
    - CMHash (~> 0.1)
    - CMNetworking (~> 2.0)
    - PureLayout (~> 3.0.2)
  - TrinityInit (1.0.0):
    - CMNetKit (~> 1.0)
    - TrinityManager (~> 2.0)
  - TrinityManager (2.0.0):
    - CMUIDisappearView (~> 0.1)
  - TYCyclePagerView (1.2.0)
  - UITableView+FDTemplateLayoutCell (1.4)
  - WaxDimensionPlugin (1.0.0)
  - WaxResource (2.0.0):
    - CMZip (~> 1.0)
    - TrinityManager (~> 2.0)
  - WCAnalytics (1.6.0):
    - AFNetworking (~> 3.1)
    - CMAppProfile (~> 0.1)
    - CMHash (~> 0.1)
    - CMNSDictionary (~> 0.2)
    - JRSwizzle (~> 1.0)
    - Skyline (~> 1.0)
  - WebViewJavascriptBridge (4.1.5)
  - WMPageController (2.5.0)
  - XHLaunchAd (3.9.8):
    - FLAnimatedImage (~> 1.0.12)
  - Yoga (1.6.0)
  - YYModel (1.0.4)

DEPENDENCIES:
  - AFNetworking (~> 3.1.0)
  - AlicloudHTTPDNS (= 1.6.17)
  - Aspects (~> 1.0)
  - AuthSDK (from `git@git.caimi-inc.com:client/AuthSDK.git`, branch `master`)
  - AutoScrollLabel (~> 0.4.3)
  - CMAppProfile (~> 0.1)
  - CMAssert (~> 0.1)
  - CMBase64 (~> 0.1)
  - CMCommon (~> 0.1)
  - CMCommonBusiness (~> 0.1.0)
  - CMCoreContext (~> 0.1)
  - CMDatabase (~> 0.1)
  - CMDevice
  - CMGTM (~> 1.0.0)
  - CMHash (~> 0.1)
  - CMLKDB (~> 1.0.2)
  - CMMBProgressHUD (~> 0.1)
  - CMMGSwipeTableCell (~> 1.0.0)
  - CMMonitor (~> 1.0)
  - CMNSArray (~> 0.1)
  - CMNSDate (~> 0.1)
  - CMNSDictionary (~> 0.1)
  - CMNSObject (~> 0.1)
  - CMNSString (~> 0.1)
  - CMNSURL (~> 0.1)
  - CMRegexKitLite (~> 0.0.1)
  - CMSDKManager (~> 0.1)
  - CMService (~> 1.1.0)
  - CMSSKeychain (~> 0.1)
  - CMTTTAttributedLabel (~> 1.0.0)
  - CMUIAlertView (~> 0.1)
  - CMUIConfig (~> 0.1)
  - CMUIHelper (~> 0.1.0)
  - CMUILabel (~> 0.1)
  - CMUINavigationBar (~> 0.1)
  - CMUIViewController (~> 0.1)
  - CMUIWebViewController (~> 0.1)
  - CustomCenter (= 3.0.0)
  - DFDeviceFingerPrintCollector (~> 0.1.5)
  - DZNEmptyDataSet (~> 1)
  - FLEX (~> 2.0)
  - Folly
  - FSHiveConfig
  - FSHTTPDNS (~> 1.0.1)
  - FSThana (~> 1.0)
  - FXBlurView (~> 1.6.4)
  - H5Offline (from `git@git.caimi-inc.com:client/H5OfflineSDK.git`, branch `cangzhu/upgrade_neutron`)
  - i-Finance-Library (~> 0.5.0)
  - IGListKit (~> 3.1.1)
  - iRate (~> 1.11.6)
  - JRSwizzle (~> 1.0)
  - JSBadgeView (= 2.0.0)
  - Kiwi
  - LookinServer
  - MarqueeLabel (~> 2.8.0)
  - Masonry (~> 1.0.2)
  - MJRefresh (~> 3.1.15)
  - Neutron (~> 1.0)
  - NeutronBridge (~> 2.0)
  - Planck (~> 1.0)
  - PlanckOfflineInit (from `git@git.caimi-inc.com:client/PlanckOfflineInitSDK.git`, branch `cangzhu/upgrade_neutron`)
  - React/BatchedBridge (= 0.47.2)
  - React/Core (= 0.47.2)
  - React/cxxreact (= 0.47.2)
  - React/DevSupport (= 0.47.2)
  - React/jschelpers (= 0.47.2)
  - React/RCTAnimation (= 0.47.2)
  - React/RCTImage (= 0.47.2)
  - React/RCTLinkingIOS (= 0.47.2)
  - React/RCTNetwork (= 0.47.2)
  - React/RCTText (= 0.47.2)
  - React/RCTWebSocket (= 0.47.2)
  - ReactiveCocoa (= 2.5)
  - RNBridge (~> 4.0)
  - SdkBbs2 (= 8.2.0)
  - SdkFinanceAsset (= 3.0.2)
  - SdkFinanceHome (= 4.1.0)
  - SdkFinanceShelf (= 5.1.0)
  - SdkFundWax (= 4.1.1)
  - SdkMessage (= 1.0.2)
  - SdkShare (= 1.0.1)
  - SdkUser (= 2.0.8)
  - SDWebImage (~> 3.7.6)
  - Skyline (~> 1.0.9)
  - TPKeyboardAvoiding (~> 1.3.2)
  - TrinityConfiguration (~> 0.6)
  - UITableView+FDTemplateLayoutCell (~> 1.4)
  - WaxDimensionPlugin (~> 1.0)
  - WaxResource (from `git@git.caimi-inc.com:client/WaxResourceSDK.git`, branch `cangzhu/upgrade_neutron`)
  - WCAnalytics (~> 1.6.0)
  - WMPageController (= 2.5.0)
  - XHLaunchAd (~> 3.9.7)
  - YYModel (~> 1.0.4)

EXTERNAL SOURCES:
  AuthSDK:
    :branch: master
    :git: git@git.caimi-inc.com:client/AuthSDK.git
  H5Offline:
    :branch: cangzhu/upgrade_neutron
    :git: git@git.caimi-inc.com:client/H5OfflineSDK.git
  PlanckOfflineInit:
    :branch: cangzhu/upgrade_neutron
    :git: git@git.caimi-inc.com:client/PlanckOfflineInitSDK.git
  WaxResource:
    :branch: cangzhu/upgrade_neutron
    :git: git@git.caimi-inc.com:client/WaxResourceSDK.git

CHECKOUT OPTIONS:
  AuthSDK:
    :commit: 30dc955f5b793094069e60a5b6286a21b3bd2ea2
    :git: git@git.caimi-inc.com:client/AuthSDK.git
  H5Offline:
    :commit: d5a8515803bd81700a29c2061575204c72188069
    :git: git@git.caimi-inc.com:client/H5OfflineSDK.git
  PlanckOfflineInit:
    :commit: 3f013ff74b43a9f319ecae22e7ec7707bf8c6f83
    :git: git@git.caimi-inc.com:client/PlanckOfflineInitSDK.git
  WaxResource:
    :commit: c258a15a0af191d6be7c0d3f9f4cd611f3d89d91
    :git: git@git.caimi-inc.com:client/WaxResourceSDK.git

SPEC CHECKSUMS:
  AFNetworking: 5e0e199f73d8626b11e79750991f5d173d1f8b67
  AlicloudBeacon: 6461a0df40fd6b9d63e3cdf3dcae0ac558f0937a
  AlicloudHTTPDNS: 886a7a09c249977be2b7446953c20670c9474b07
  AlicloudUT: 5e6a87a56c08ca72c6711beec2449e1c254728ef
  AlicloudUTDID: 79f509c3e997ef85fe307f8bfb2bb3be27f7e205
  AlicloudUtils: 9047114c9c1854205ae26db58264bf1555242ffb
  Aspects: 7595ba96a6727a58ebcbfc954497fc5d2fdde546
  AuthSDK: 84d154b718f856d1d05b3f6d2c39b9d8a62823cf
  AutoScrollLabel: bee53a1d4532569b49cbecaf9b80ca003bed3767
  BBSCore: 39217cd8ab8cbe1c5937724e5b50dea9942cbbbb
  boost: fb8b56e0502a5cc4030372e12b9df7a2d96224fd
  CMAddressBook: ebf19c99a663ad313151b83233060bef630344c9
  CMApp: be599de1eaa484efd23125d007d57f5bf2b7129b
  CMAppProfile: 26ad6324aac204151cb4cb8c4efdde21e2e19537
  CMASIHttpRequest: 18c149e57aa750a9f767d23db585d737466ce620
  CMAssert: 865c7f6d575e824b83a75029e44e43c264d17d7a
  CMBase64: 1df498a95158f09f0e9d401a0811f958999c9358
  CMBundleManager: 6c727d1922050bd5cbf0cc149768da9332814fd6
  CMCALayer: d7c642f367fcdfe20a5b890bdd5e0e9b97873d24
  CMCommon: de4b43a5f228a2a13702d15295681c37c563c8b0
  CMCommonBusiness: 97803d27aadd1ac2061e673d191035a0c2213ecd
  CMCoreContext: fa17441bed5c772e64984b6eb04a7c971358e8a7
  CMCrash: 4712379e83285a85aa2e77455cb05d476b41c962
  CMDatabase: e30766554ed2e7e1d58b778fe5f23cedf2dcc7b7
  CMDebug: 8fc2a382c1cdda061a6e3dd9d61c48ea44390c5e
  CMDevice: a7f04a24d1e98f8447f60c80fc1ccae8c857f02a
  CMEGOCache: 6f62cc6fc2404b8739fbc5a5b410c49f696f7877
  CMGTM: db12a4685251ade24086a1b3bc7d45c85b7666f1
  CMHash: c8bf2fed070330e4d0646c8455253a2e7d230662
  CMHideKeyboardView: 296b53d5133c84b2d38239fad1cfa7ee625334e4
  CMImagePicker: e6288ef29c01b1e7b9f0a524bb074f333a2c8194
  CMLayout: 681149cdfc04f7985cb57d73a09cd0a93ae38f1f
  CMLKDB: 9c5b53e9990b014334d47a5c21b6ecfb54a90e59
  CMLock: 8dc64fd7929d26279df85011289c274ba4f11332
  CMLog: 3d89946ced5828e65cd5c5696b45d892ee464ef9
  CMMBProgressHUD: 3ac7141e32829353eed7a07db7768e84c250ed9d
  CMMessagePack: c9df3adcf99c5233f11f7a6dd24bfd90644501d2
  CMMGSwipeTableCell: 7be23ed758ad95acad50a222bd55cca56337338d
  CMMiscUtil: b9ae66ace6306365a92f83173d3ec1af2dc84661
  CMMonitor: 238657c93e534d8413d8c9aaf89d5b0a4355b39b
  CMNetKit: d0f320a9cfd76cfb12cb8a027f7efce542075aea
  CMNetworking: fb2df35b1b2250395d82490d80e2b5d9dcdc3c45
  CMNSArray: 1e5d0bcb5d91086b369d76f6817a098b48c920d0
  CMNSDate: 27f7a13b30be3e98a2605383335848d4a35e6429
  CMNSDictionary: b913149514f0922fb487847d970216390525e017
  CMNSObject: 026f32959060437999e50964876fc3d411440444
  CMNSStream: 1e2ce25e5dddf927a27d3fa5ee3cd006f3a5f950
  CMNSString: c2aa1c8cc90cd1c7adc9cea0b87320443892e4b9
  CMNSURL: 6369a13d4e1fe0b0ea255e7bf2ee82ee7ad716e0
  CMOOP: 384243c1e2796ca8c7f805a6d5914e28270d33d8
  CMPhotoBrowser: 77db9e95dbf8959e133e05165f7b8ecc6a7546d7
  CMPopupViewManager: f68f7e297550a7ca273c7b6b0494e2095aa48bcc
  CMRCTToast: 270bef7d403f636942b7faca82a69fd5a3aee8a1
  CMRegexKitLite: 1628884e335b86fcd6a8c354e133f70fe91d999c
  CMSBJson: f3d279462d1ddcb19f75f4197daee2b58373b0b2
  CMSDKManager: 44ad81d2f8d48d1cb26aa399a32220ea09fe2b77
  CMSeperatorLine: f3c8e873176950742c5d0bc1f847c0fd6baba778
  CMService: 4b071870f1ba48223242251f28a4f29de3d11c23
  CMSkylineUtil: 7030f2118ae88d8e697ec3165789d820cc207b56
  CMSSKeychain: a668dafd2972ad8d6f994d096e4a255a20921ee6
  CMTask: b2e87ea4164c5fc511db1f901e9e19cc93e51a18
  CMTTTAttributedLabel: 0859af88a03db1047951172988a57526115122a1
  CMUIAlertView: 36f5d5dbd8b39cae9a0b6509f55aa14bf74d2944
  CMUIAnimation: 427ef29e79eebcd45ee83ef3f0237f5eddb44817
  CMUIButton: 5aaef42c96f3609bf35510f37ad352d2023ad351
  CMUIConfig: 7e0d9acda6edc7921420c21e1a55e85a17f599c4
  CMUIDisappearView: ae3448d9ba134d2b13d43841e5944ce14b520561
  CMUIHelper: 2aeb5d39b8dfad1aba6f0130252cd60b82e7d649
  CMUIImage: 912f391e8498a3b9a88cfc5254e0dcae23797b81
  CMUIImagePickerViewController: 5d1e9cf60ce8aadadc7cf764c70f1bd028fc7bf5
  CMUILabel: 3d22f915090f56894b0ebd05a2e4709e8d14a497
  CMUINavigationBar: f7f64068264c744b2d16bbe6c27f691fc2af27c6
  CMUINavigationController: 54eb07e9c392ad3336798420b4251a56e654aa8e
  CMUIScrollView: d5c2efaf398ceef11435ee7ec50e1015d03d1b50
  CMUITableView: 53d7ce2dd0de7fb877cf94a55e81844868f32ce7
  CMUIView: e88e26bd68444bebb1291627a92d5d2785d8610f
  CMUIViewController: 0596fc96f2af02b4eb684bd6d16df08ebd9f3bbd
  CMUIWebViewController: fe3b3a9d1d5026a1f620b5377d2887dec110469e
  CMUIWindow: f752caae31ed57e584abe6076f733f60ff1b51e7
  CMURLLauncher: 6d10556a281b9ce41755a1fed3c0f814d8b762ef
  CMWithoutNetworkView: 2f60e8e1f5a254721eb08d653b1ccf6f13c0d888
  CMZip: 961ee582fe62d7f4802a24ca74023ed51a542a01
  CocoaLumberjack: db7cc9e464771f12054c22ff6947c5a58d43a0fd
  CustomCenter: 190a7c286caa68d32599cb0ff13ba0e3abfba5d6
  DACircularProgress: 4dd437c0fc3da5161cb289e07ac449493d41db71
  DFDeviceFingerPrintCollector: 7e1fdc6724a5ce65ddf466b05ba8ea13c91f921c
  DoubleConversion: 504407c6d5cb363798428120d9f8e4c97d49f07d
  DZNEmptyDataSet: 9525833b9e68ac21c30253e1d3d7076cc828eaa7
  FLAnimatedImage: 4a0b56255d9b05f18b6dd7ee06871be5d3b89e31
  FLEX: bd1a39e55b56bb413b6f1b34b3c10a0dc44ef079
  FLKAutoLayout: 9db6b30c2008d230da608e62c607b11c23b942e6
  FMDB: 854a0341b4726e53276f2a8996f06f1b80f9259a
  Folly: 61f5708a617323ca871dd63b3d4253933a761648
  FSHiveConfig: b91b40c8709db8427952d6fa8140c8f749414d32
  FSHTTPDNS: 5a8b1551da85266735d60ba32af8db593a20cd8d
  FSThana: ff9d6015589d0255d86eb6c9fe68ed5fc55e353b
  FXBlurView: db786c2561cb49a09ae98407f52460096ab8a44f
  GLog: 891feb06ec852dff8af320e81f613a568186feb3
  H5Offline: 762bf7f3c0e711e360bf651ac2855c17d00e8713
  i-Finance-Library: 6c54a695b74a33a18a52952fff5b284647d26b1f
  IGListKit: cb97f405ae43e59fe1da74271e19427ec20d3c07
  iRate: adae3f183d83c925ac42d7a2e86e89e838963f57
  JRSwizzle: dd5ead5d913a0f29e7f558200165849f006bb1e3
  JSBadgeView: 3f5691b7d1bfacfb0237d0eb3b8b1f9a10ecb3f7
  JSONModel: 6ffcb4ffa3659c9e9a2e5d45d6c7705bab187c03
  Kiwi: fbeafef0f00e4d8f7dcb3420a4930afe70af77f7
  KSCrash: e4cda5c8612c5f9478defcf43418f24870d313f4
  LookinServer: 54eb99921647bda4068ff8776d842285e2bf0adb
  MarqueeLabel: 73b52d7558241ece6391e9c566edb56b269883e2
  Masonry: 7c429b56da9d4ee0bbb3ed77a5ea710d6a5df39e
  MBProgressHUD: e7baa36a220447d8aeb12769bf0585582f3866d9
  MJExtension: 81e8e411ced318561dd09334b0c83d8227cef79c
  MJRefresh: ee5b68f639775462faba4db0fd243baf4d42c2cf
  MMKV: 483b0633edc3be228cb3ce1f36e9ab9cd85ed6db
  MyLayout: 7a145adc9bed400010efe2b2e1a1e09b0a0804d7
  NativeQS: c2a6bbd85017a9e8fa990e4fc7fe04771f88f7a9
  Neutron: 1aa51d3f343656c192bb4765375391255825e404
  NeutronBridge: 9de08b27a3b3a6085a18ccfe971837d763871314
  NSHash: 036c03781d372c288d332b512b203e7bb832e46e
  ORStackView: a1bb52748cd0ae29891c140baf22ff8972fb363c
  Pigeon: 9b49d20a00041c72a2d26c941edcbdad658063d4
  PINCache: 534fd41d358d828dfdf227a0d327f3673a65e20b
  PINOperation: 24b774353ca248fcf87d67b2d61eef42087c125a
  Planck: e2f846702099da5b8e4efeea57cf53d7319af897
  PlanckExtension: 8ac9ff01fd71f39740b426196ba42eda5eb58ea3
  PlanckOfflineInit: 651c2da7d678c2291956854a202809b2361d4d95
  Platform: 06f2ecaa095182590b368fe8f1974cac93f890b2
  PureLayout: 4d550abe49a94f24c2808b9b95db9131685fe4cd
  React: 15e4f465fc23438b77b96a55a52f19c423e96492
  ReactiveCocoa: e2db045570aa97c695e7aa97c2bcab222ae51f4a
  RNBridge: 6ebc074dbb9c6ec423bbdeeac01183d52a5061cf
  RNCookieManagerIOS: f94052bd518e5031ece0fd35d68fdaf75f22dc0c
  SDCycleScrollView: f72904c77698a7f93a41bcbbc2d78b073bf7326c
  SdkBbs2: a29aa704531840f55d1cdf9ae201e9f3a5b35ffb
  SdkFinanceAsset: 6f8ce346323978ab2cf9f38c084e5ab2b0e7637e
  SdkFinanceHome: b6660a304ba0c2459685a2ae5f432e424001efa3
  SdkFinanceShelf: 690c4539b647bf7d70843000ed602c6918dfcd4c
  SdkFundWax: c4af48599be0abd9fbffb68dcdaa137801f67c03
  SdkMessage: 9ef7af9bcb66051fe55112e8841f33cb2de7d770
  SdkShare: a863c33d956766378bf4a83ab24cdf467a3c9f01
  SdkUser: dfc130434f5381792a75216a3668b25c20481af5
  SDWebImage: c325cf02c30337336b95beff20a13df489ec0ec9
  SensorsAnalyticsSDK: 56ebc5e033893e65a154b7d31ec806d24a4118d9
  Shimmer: c5374be1c2b0c9e292fb05b339a513cf291cac86
  Skyline: 5845f577ca0aeec6ebf600a596a2d3cfd73c8d3d
  SSKeychain: 04c4ec40f4c3deda524e269bc76e5f30e638a174
  Thunder: e77b44b3a0ea3e71b4700a420bedafe07a4b3dbb
  TPKeyboardAvoiding: cb69d5ddbe90ce0170e4bc2db1e5e41d4a3ad9a4
  TrinityConfiguration: 196cac51668088524125391b1190a859163c2cce
  TrinityInit: e0839d7b87dcc31c9ce627eff1406daf84f0ef76
  TrinityManager: 190b6fb4d4ebac9dd65a1bb98e2cc87b29705f29
  TYCyclePagerView: 2b051dade0615c70784aa34f40c646feeddb7344
  UITableView+FDTemplateLayoutCell: 234e1582bcc4e18461af91155123bb96538ed030
  WaxDimensionPlugin: 210fb4358783abfa5b8dc4173f8333553b89634d
  WaxResource: 12a7999435da73b55c1f191f06cc90dfbb814d53
  WCAnalytics: d66f5849fc1db63f92ef652d22318ee8e4b0e393
  WebViewJavascriptBridge: e7b6669bebfc4f151daa0fdec3c8c24c8dc3a24e
  WMPageController: 9dfb2e5a3dd2cc623df19e608a96ee00c03bbfa2
  XHLaunchAd: 45048592af01aa501c9d2d0c45e95ca74c4d0596
  Yoga: 81670877477311136b1b3f69a6307ce62e1c89cf
  YYModel: 2a7fdd96aaa4b86a824e26d0c517de8928c04b30

PODFILE CHECKSUM: ed982cee42bbb83befc9be56e7669b3e63c0e9c2

COCOAPODS: 1.3.1
